
Microsoft Visual Studio Solution File, Format Version 12.00
# Visual Studio Version 17
VisualStudioVersion = 17.13.35919.96 d17.13
MinimumVisualStudioVersion = 10.0.40219.1
Project("{FAE04EC0-301F-11D3-BF4B-00C04F79EFBC}") = "NotificationAPI", "NotificationAPI\NotificationAPI.csproj", "{9B83BC0A-C47D-4206-9BF1-ABF6D0AB1342}"
EndProject
Global
	GlobalSection(SolutionConfigurationPlatforms) = preSolution
		Debug|Any CPU = Debug|Any CPU
		Release|Any CPU = Release|Any CPU
	EndGlobalSection
	GlobalSection(ProjectConfigurationPlatforms) = postSolution
		{9B83BC0A-C47D-4206-9BF1-ABF6D0AB1342}.Debug|Any CPU.ActiveCfg = Debug|Any CPU
		{9B83BC0A-C47D-4206-9BF1-ABF6D0AB1342}.Debug|Any CPU.Build.0 = Debug|Any CPU
		{9B83BC0A-C47D-4206-9BF1-ABF6D0AB1342}.Release|Any CPU.ActiveCfg = Release|Any CPU
		{9B83BC0A-C47D-4206-9BF1-ABF6D0AB1342}.Release|Any CPU.Build.0 = Release|Any CPU
	EndGlobalSection
	GlobalSection(SolutionProperties) = preSolution
		HideSolutionNode = FALSE
	EndGlobalSection
	GlobalSection(ExtensibilityGlobals) = postSolution
		SolutionGuid = {47334A12-8AA5-44CD-A777-CB6E85D68671}
	EndGlobalSection
EndGlobal
